
Microsoft Visual Studio Solution File, Format Version 12.00
# Visual Studio 15
VisualStudioVersion = 15.0.28010.2050
MinimumVisualStudioVersion = 10.0.40219.1
Project("{FAE04EC0-301F-11D3-BF4B-00C04F79EFBC}") = "AppSettings", "AppSettings\AppSettings.csproj", "{9FDD0DB4-C4D1-4507-B63E-B6C9453A4BFC}"
EndProject
Global
	GlobalSection(SolutionConfigurationPlatforms) = preSolution
		Debug|Any CPU = Debug|Any CPU
		Release|Any CPU = Release|Any CPU
	EndGlobalSection
	GlobalSection(ProjectConfigurationPlatforms) = postSolution
		{9FDD0DB4-C4D1-4507-B63E-B6C9453A4BFC}.Debug|Any CPU.ActiveCfg = Debug|Any CPU
		{9FDD0DB4-C4D1-4507-B63E-B6C9453A4BFC}.Debug|Any CPU.Build.0 = Debug|Any CPU
		{9FDD0DB4-C4D1-4507-B63E-B6C9453A4BFC}.Release|Any CPU.ActiveCfg = Release|Any CPU
		{9FDD0DB4-C4D1-4507-B63E-B6C9453A4BFC}.Release|Any CPU.Build.0 = Release|Any CPU
	EndGlobalSection
	GlobalSection(SolutionProperties) = preSolution
		HideSolutionNode = FALSE
	EndGlobalSection
	GlobalSection(ExtensibilityGlobals) = postSolution
		SolutionGuid = {3367F3D2-1D96-4A68-ABF2-87B9B09B7617}
	EndGlobalSection
EndGlobal
